
Microsoft Visual Studio Solution File, Format Version 12.00
# Visual Studio 15
VisualStudioVersion = 15.0.27130.2020
MinimumVisualStudioVersion = 10.0.40219.1
Project("{FAE04EC0-301F-11D3-BF4B-00C04F79EFBC}") = "codefirst", "codefirst\codefirst.csproj", "{F9494FCD-A846-4EF0-B0A7-1449D9932CDB}"
EndProject
Global
	GlobalSection(SolutionConfigurationPlatforms) = preSolution
		Debug|Any CPU = Debug|Any CPU
		Release|Any CPU = Release|Any CPU
	EndGlobalSection
	GlobalSection(ProjectConfigurationPlatforms) = postSolution
		{F9494FCD-A846-4EF0-B0A7-1449D9932CDB}.Debug|Any CPU.ActiveCfg = Debug|Any CPU
		{F9494FCD-A846-4EF0-B0A7-1449D9932CDB}.Debug|Any CPU.Build.0 = Debug|Any CPU
		{F9494FCD-A846-4EF0-B0A7-1449D9932CDB}.Release|Any CPU.ActiveCfg = Release|Any CPU
		{F9494FCD-A846-4EF0-B0A7-1449D9932CDB}.Release|Any CPU.Build.0 = Release|Any CPU
	EndGlobalSection
	GlobalSection(SolutionProperties) = preSolution
		HideSolutionNode = FALSE
	EndGlobalSection
	GlobalSection(ExtensibilityGlobals) = postSolution
		SolutionGuid = {44406F47-8488-4AF7-9834-EBC3C350AE4E}
	EndGlobalSection
EndGlobal
