
Microsoft Visual Studio Solution File, Format Version 12.00
# Visual Studio 15
VisualStudioVersion = 15.0.27130.2027
MinimumVisualStudioVersion = 10.0.40219.1
Project("{FAE04EC0-301F-11D3-BF4B-00C04F79EFBC}") = "PictureUploading", "PictureUploading\PictureUploading.csproj", "{15BDD4B1-EFDD-4F23-85DA-4D35D8E94E43}"
EndProject
Global
	GlobalSection(SolutionConfigurationPlatforms) = preSolution
		Debug|Any CPU = Debug|Any CPU
		Release|Any CPU = Release|Any CPU
	EndGlobalSection
	GlobalSection(ProjectConfigurationPlatforms) = postSolution
		{15BDD4B1-EFDD-4F23-85DA-4D35D8E94E43}.Debug|Any CPU.ActiveCfg = Debug|Any CPU
		{15BDD4B1-EFDD-4F23-85DA-4D35D8E94E43}.Debug|Any CPU.Build.0 = Debug|Any CPU
		{15BDD4B1-EFDD-4F23-85DA-4D35D8E94E43}.Release|Any CPU.ActiveCfg = Release|Any CPU
		{15BDD4B1-EFDD-4F23-85DA-4D35D8E94E43}.Release|Any CPU.Build.0 = Release|Any CPU
	EndGlobalSection
	GlobalSection(SolutionProperties) = preSolution
		HideSolutionNode = FALSE
	EndGlobalSection
	GlobalSection(ExtensibilityGlobals) = postSolution
		SolutionGuid = {4336D9F8-140C-4716-B2A0-659C2A6CAA0E}
	EndGlobalSection
EndGlobal
