
Microsoft Visual Studio Solution File, Format Version 12.00
# Visual Studio 15
VisualStudioVersion = 15.0.28010.2048
MinimumVisualStudioVersion = 10.0.40219.1
Project("{FAE04EC0-301F-11D3-BF4B-00C04F79EFBC}") = "WebApplication5", "WebApplication5\WebApplication5.csproj", "{B43B4569-EB84-4E44-A413-AAA2759C10B9}"
EndProject
Global
	GlobalSection(SolutionConfigurationPlatforms) = preSolution
		Debug|Any CPU = Debug|Any CPU
		Release|Any CPU = Release|Any CPU
	EndGlobalSection
	GlobalSection(ProjectConfigurationPlatforms) = postSolution
		{B43B4569-EB84-4E44-A413-AAA2759C10B9}.Debug|Any CPU.ActiveCfg = Debug|Any CPU
		{B43B4569-EB84-4E44-A413-AAA2759C10B9}.Debug|Any CPU.Build.0 = Debug|Any CPU
		{B43B4569-EB84-4E44-A413-AAA2759C10B9}.Release|Any CPU.ActiveCfg = Release|Any CPU
		{B43B4569-EB84-4E44-A413-AAA2759C10B9}.Release|Any CPU.Build.0 = Release|Any CPU
	EndGlobalSection
	GlobalSection(SolutionProperties) = preSolution
		HideSolutionNode = FALSE
	EndGlobalSection
	GlobalSection(ExtensibilityGlobals) = postSolution
		SolutionGuid = {F3CECB6A-E533-467B-961E-DCD9365F748E}
	EndGlobalSection
EndGlobal
