
Microsoft Visual Studio Solution File, Format Version 12.00
# Visual Studio 15
VisualStudioVersion = 15.0.27130.2020
MinimumVisualStudioVersion = 10.0.40219.1
Project("{FAE04EC0-301F-11D3-BF4B-00C04F79EFBC}") = "AjaxConn", "AjaxConn\AjaxConn.csproj", "{2100F616-9D0F-4B38-8B2C-373C70BBEDE1}"
EndProject
Global
	GlobalSection(SolutionConfigurationPlatforms) = preSolution
		Debug|Any CPU = Debug|Any CPU
		Release|Any CPU = Release|Any CPU
	EndGlobalSection
	GlobalSection(ProjectConfigurationPlatforms) = postSolution
		{2100F616-9D0F-4B38-8B2C-373C70BBEDE1}.Debug|Any CPU.ActiveCfg = Debug|Any CPU
		{2100F616-9D0F-4B38-8B2C-373C70BBEDE1}.Debug|Any CPU.Build.0 = Debug|Any CPU
		{2100F616-9D0F-4B38-8B2C-373C70BBEDE1}.Release|Any CPU.ActiveCfg = Release|Any CPU
		{2100F616-9D0F-4B38-8B2C-373C70BBEDE1}.Release|Any CPU.Build.0 = Release|Any CPU
	EndGlobalSection
	GlobalSection(SolutionProperties) = preSolution
		HideSolutionNode = FALSE
	EndGlobalSection
	GlobalSection(ExtensibilityGlobals) = postSolution
		SolutionGuid = {2B2B0EE9-6B4C-4275-93CD-DBE09753D1EE}
	EndGlobalSection
EndGlobal
