
Microsoft Visual Studio Solution File, Format Version 12.00
# Visual Studio 15
VisualStudioVersion = 15.0.28307.421
MinimumVisualStudioVersion = 10.0.40219.1
Project("{FAE04EC0-301F-11D3-BF4B-00C04F79EFBC}") = "ConsoleApp2", "ConsoleApp2\ConsoleApp2.csproj", "{822C66D4-0DB9-422E-9C0A-64CD432BAA03}"
EndProject
Global
	GlobalSection(SolutionConfigurationPlatforms) = preSolution
		Debug|Any CPU = Debug|Any CPU
		Release|Any CPU = Release|Any CPU
	EndGlobalSection
	GlobalSection(ProjectConfigurationPlatforms) = postSolution
		{822C66D4-0DB9-422E-9C0A-64CD432BAA03}.Debug|Any CPU.ActiveCfg = Debug|Any CPU
		{822C66D4-0DB9-422E-9C0A-64CD432BAA03}.Debug|Any CPU.Build.0 = Debug|Any CPU
		{822C66D4-0DB9-422E-9C0A-64CD432BAA03}.Release|Any CPU.ActiveCfg = Release|Any CPU
		{822C66D4-0DB9-422E-9C0A-64CD432BAA03}.Release|Any CPU.Build.0 = Release|Any CPU
	EndGlobalSection
	GlobalSection(SolutionProperties) = preSolution
		HideSolutionNode = FALSE
	EndGlobalSection
	GlobalSection(ExtensibilityGlobals) = postSolution
		SolutionGuid = {39ABF8F4-7AB7-4412-BA35-FAF9CC4AEF9E}
	EndGlobalSection
EndGlobal
