
Microsoft Visual Studio Solution File, Format Version 12.00
# Visual Studio 15
VisualStudioVersion = 15.0.27130.2020
MinimumVisualStudioVersion = 10.0.40219.1
Project("{FAE04EC0-301F-11D3-BF4B-00C04F79EFBC}") = "databaseexample", "databaseexample\databaseexample.csproj", "{8F1DE78F-DD89-4AEE-87C1-C096243EF39C}"
EndProject
Global
	GlobalSection(SolutionConfigurationPlatforms) = preSolution
		Debug|Any CPU = Debug|Any CPU
		Release|Any CPU = Release|Any CPU
	EndGlobalSection
	GlobalSection(ProjectConfigurationPlatforms) = postSolution
		{8F1DE78F-DD89-4AEE-87C1-C096243EF39C}.Debug|Any CPU.ActiveCfg = Debug|Any CPU
		{8F1DE78F-DD89-4AEE-87C1-C096243EF39C}.Debug|Any CPU.Build.0 = Debug|Any CPU
		{8F1DE78F-DD89-4AEE-87C1-C096243EF39C}.Release|Any CPU.ActiveCfg = Release|Any CPU
		{8F1DE78F-DD89-4AEE-87C1-C096243EF39C}.Release|Any CPU.Build.0 = Release|Any CPU
	EndGlobalSection
	GlobalSection(SolutionProperties) = preSolution
		HideSolutionNode = FALSE
	EndGlobalSection
	GlobalSection(ExtensibilityGlobals) = postSolution
		SolutionGuid = {01FEDE34-61C3-471F-AA7D-8DA5C275ADC0}
	EndGlobalSection
EndGlobal
