
Microsoft Visual Studio Solution File, Format Version 12.00
# Visual Studio 15
VisualStudioVersion = 15.0.26730.12
MinimumVisualStudioVersion = 10.0.40219.1
Project("{E24C65DC-7377-472B-9ABA-BC803B73C61A}") = "Menuweb", "..\..\..\OneDrive\Documents\Visual Studio 2017\Projects\Menuweb\", "{18F83CB6-80EE-4775-95DE-0A2F20001BBD}"
	ProjectSection(WebsiteProperties) = preProject
		TargetFrameworkMoniker = ".NETFramework,Version%3Dv4.6.1"
		Debug.AspNetCompiler.VirtualPath = "/localhost_50787"
		Debug.AspNetCompiler.PhysicalPath = "..\..\..\OneDrive\Documents\Visual Studio 2017\Projects\Menuweb\"
		Debug.AspNetCompiler.TargetPath = "PrecompiledWeb\localhost_50787\"
		Debug.AspNetCompiler.Updateable = "true"
		Debug.AspNetCompiler.ForceOverwrite = "true"
		Debug.AspNetCompiler.FixedNames = "false"
		Debug.AspNetCompiler.Debug = "True"
		Release.AspNetCompiler.VirtualPath = "/localhost_50787"
		Release.AspNetCompiler.PhysicalPath = "..\..\..\OneDrive\Documents\Visual Studio 2017\Projects\Menuweb\"
		Release.AspNetCompiler.TargetPath = "PrecompiledWeb\localhost_50787\"
		Release.AspNetCompiler.Updateable = "true"
		Release.AspNetCompiler.ForceOverwrite = "true"
		Release.AspNetCompiler.FixedNames = "false"
		Release.AspNetCompiler.Debug = "False"
		VWDPort = "50787"
		SlnRelativePath = "..\..\..\OneDrive\Documents\Visual Studio 2017\Projects\Menuweb\"
		DefaultWebSiteLanguage = "Visual C#"
	EndProjectSection
EndProject
Global
	GlobalSection(SolutionConfigurationPlatforms) = preSolution
		Debug|Any CPU = Debug|Any CPU
	EndGlobalSection
	GlobalSection(ProjectConfigurationPlatforms) = postSolution
		{18F83CB6-80EE-4775-95DE-0A2F20001BBD}.Debug|Any CPU.ActiveCfg = Debug|Any CPU
		{18F83CB6-80EE-4775-95DE-0A2F20001BBD}.Debug|Any CPU.Build.0 = Debug|Any CPU
	EndGlobalSection
	GlobalSection(SolutionProperties) = preSolution
		HideSolutionNode = FALSE
	EndGlobalSection
	GlobalSection(ExtensibilityGlobals) = postSolution
		SolutionGuid = {EECA710C-95D8-4CD6-9B69-C5F9FF43F63B}
	EndGlobalSection
EndGlobal
